// !$*UTF8*$!
{
	archiveVersion = 1;
	classes = {
	};
	objectVersion = 46;
	objects = {

/* Begin PBXBuildFile section */
		7AB3B37179B2A1605EF4DEFA /* Pods_OCDemo.framework in Frameworks */ = {isa = PBXBuildFile; fileRef = 88B9D6AED32007F7D091DC5A /* Pods_OCDemo.framework */; };
		82E7C10266C07B07BE1F8183 /* Pods_OCDemoTests.framework in Frameworks */ = {isa = PBXBuildFile; fileRef = E38A138ECD1330040133395A /* Pods_OCDemoTests.framework */; };
		9B1997AE8FF25F7297A48D80 /* Pods_OCDemoUITests.framework in Frameworks */ = {isa = PBXBuildFile; fileRef = 0D9FDC7DC2AC7186F5640D67 /* Pods_OCDemoUITests.framework */; };
		D803FF2C1E4DD72300EFBB51 /* main.m in Sources */ = {isa = PBXBuildFile; fileRef = D803FF2B1E4DD72300EFBB51 /* main.m */; };
		D803FF2F1E4DD72300EFBB51 /* AppDelegate.m in Sources */ = {isa = PBXBuildFile; fileRef = D803FF2E1E4DD72300EFBB51 /* AppDelegate.m */; };
		D803FF321E4DD72300EFBB51 /* ViewController.m in Sources */ = {isa = PBXBuildFile; fileRef = D803FF311E4DD72300EFBB51 /* ViewController.m */; };
		D803FF351E4DD72300EFBB51 /* Main.storyboard in Resources */ = {isa = PBXBuildFile; fileRef = D803FF331E4DD72300EFBB51 /* Main.storyboard */; };
		D803FF371E4DD72300EFBB51 /* Assets.xcassets in Resources */ = {isa = PBXBuildFile; fileRef = D803FF361E4DD72300EFBB51 /* Assets.xcassets */; };
		D803FF3A1E4DD72300EFBB51 /* LaunchScreen.storyboard in Resources */ = {isa = PBXBuildFile; fileRef = D803FF381E4DD72300EFBB51 /* LaunchScreen.storyboard */; };
		D803FF451E4DD72300EFBB51 /* OCDemoTests.m in Sources */ = {isa = PBXBuildFile; fileRef = D803FF441E4DD72300EFBB51 /* OCDemoTests.m */; };
		D803FF501E4DD72300EFBB51 /* OCDemoUITests.m in Sources */ = {isa = PBXBuildFile; fileRef = D803FF4F1E4DD72300EFBB51 /* OCDemoUITests.m */; };
		D803FF5F1E4DDCA600EFBB51 /* Example2ViewController.m in Sources */ = {isa = PBXBuildFile; fileRef = D803FF5E1E4DDCA600EFBB51 /* Example2ViewController.m */; };
		D803FF621E4DDF0100EFBB51 /* BaseViewController.m in Sources */ = {isa = PBXBuildFile; fileRef = D803FF611E4DDF0100EFBB51 /* BaseViewController.m */; };
/* End PBXBuildFile section */

/* Begin PBXContainerItemProxy section */
		D803FF411E4DD72300EFBB51 /* PBXContainerItemProxy */ = {
			isa = PBXContainerItemProxy;
			containerPortal = D803FF1F1E4DD72200EFBB51 /* Project object */;
			proxyType = 1;
			remoteGlobalIDString = D803FF261E4DD72300EFBB51;
			remoteInfo = OCDemo;
		};
		D803FF4C1E4DD72300EFBB51 /* PBXContainerItemProxy */ = {
			isa = PBXContainerItemProxy;
			containerPortal = D803FF1F1E4DD72200EFBB51 /* Project object */;
			proxyType = 1;
			remoteGlobalIDString = D803FF261E4DD72300EFBB51;
			remoteInfo = OCDemo;
		};
/* End PBXContainerItemProxy section */

/* Begin PBXFileReference section */
		0D9FDC7DC2AC7186F5640D67 /* Pods_OCDemoUITests.framework */ = {isa = PBXFileReference; explicitFileType = wrapper.framework; includeInIndex = 0; path = Pods_OCDemoUITests.framework; sourceTree = BUILT_PRODUCTS_DIR; };
		23B86276F143E8CB5EAEADD2 /* Pods-OCDemoUITests.release.xcconfig */ = {isa = PBXFileReference; includeInIndex = 1; lastKnownFileType = text.xcconfig; name = "Pods-OCDemoUITests.release.xcconfig"; path = "Pods/Target Support Files/Pods-OCDemoUITests/Pods-OCDemoUITests.release.xcconfig"; sourceTree = "<group>"; };
		3669335AFAC29DD694BC59D3 /* Pods-OCDemo.release.xcconfig */ = {isa = PBXFileReference; includeInIndex = 1; lastKnownFileType = text.xcconfig; name = "Pods-OCDemo.release.xcconfig"; path = "Pods/Target Support Files/Pods-OCDemo/Pods-OCDemo.release.xcconfig"; sourceTree = "<group>"; };
		5D53AA1E4461E29E5B2B9834 /* Pods-OCDemoTests.release.xcconfig */ = {isa = PBXFileReference; includeInIndex = 1; lastKnownFileType = text.xcconfig; name = "Pods-OCDemoTests.release.xcconfig"; path = "Pods/Target Support Files/Pods-OCDemoTests/Pods-OCDemoTests.release.xcconfig"; sourceTree = "<group>"; };
		66CE8606374D5FA33CFE5BA6 /* Pods-OCDemoUITests.debug.xcconfig */ = {isa = PBXFileReference; includeInIndex = 1; lastKnownFileType = text.xcconfig; name = "Pods-OCDemoUITests.debug.xcconfig"; path = "Pods/Target Support Files/Pods-OCDemoUITests/Pods-OCDemoUITests.debug.xcconfig"; sourceTree = "<group>"; };
		7F4CBD864B2FDEAF164DDF2E /* Pods-OCDemoTests.debug.xcconfig */ = {isa = PBXFileReference; includeInIndex = 1; lastKnownFileType = text.xcconfig; name = "Pods-OCDemoTests.debug.xcconfig"; path = "Pods/Target Support Files/Pods-OCDemoTests/Pods-OCDemoTests.debug.xcconfig"; sourceTree = "<group>"; };
		88B9D6AED32007F7D091DC5A /* Pods_OCDemo.framework */ = {isa = PBXFileReference; explicitFileType = wrapper.framework; includeInIndex = 0; path = Pods_OCDemo.framework; sourceTree = BUILT_PRODUCTS_DIR; };
		A364BD816D34968EDDD1430E /* Pods-OCDemo.debug.xcconfig */ = {isa = PBXFileReference; includeInIndex = 1; lastKnownFileType = text.xcconfig; name = "Pods-OCDemo.debug.xcconfig"; path = "Pods/Target Support Files/Pods-OCDemo/Pods-OCDemo.debug.xcconfig"; sourceTree = "<group>"; };
		D803FF271E4DD72300EFBB51 /* OCDemo.app */ = {isa = PBXFileReference; explicitFileType = wrapper.application; includeInIndex = 0; path = OCDemo.app; sourceTree = BUILT_PRODUCTS_DIR; };
		D803FF2B1E4DD72300EFBB51 /* main.m */ = {isa = PBXFileReference; lastKnownFileType = sourcecode.c.objc; path = main.m; sourceTree = "<group>"; };
		D803FF2D1E4DD72300EFBB51 /* AppDelegate.h */ = {isa = PBXFileReference; lastKnownFileType = sourcecode.c.h; path = AppDelegate.h; sourceTree = "<group>"; };
		D803FF2E1E4DD72300EFBB51 /* AppDelegate.m */ = {isa = PBXFileReference; lastKnownFileType = sourcecode.c.objc; path = AppDelegate.m; sourceTree = "<group>"; };
		D803FF301E4DD72300EFBB51 /* ViewController.h */ = {isa = PBXFileReference; lastKnownFileType = sourcecode.c.h; path = ViewController.h; sourceTree = "<group>"; };
		D803FF311E4DD72300EFBB51 /* ViewController.m */ = {isa = PBXFileReference; lastKnownFileType = sourcecode.c.objc; path = ViewController.m; sourceTree = "<group>"; };
		D803FF341E4DD72300EFBB51 /* Base */ = {isa = PBXFileReference; lastKnownFileType = file.storyboard; name = Base; path = Base.lproj/Main.storyboard; sourceTree = "<group>"; };
		D803FF361E4DD72300EFBB51 /* Assets.xcassets */ = {isa = PBXFileReference; lastKnownFileType = folder.assetcatalog; path = Assets.xcassets; sourceTree = "<group>"; };
		D803FF391E4DD72300EFBB51 /* Base */ = {isa = PBXFileReference; lastKnownFileType = file.storyboard; name = Base; path = Base.lproj/LaunchScreen.storyboard; sourceTree = "<group>"; };
		D803FF3B1E4DD72300EFBB51 /* Info.plist */ = {isa = PBXFileReference; lastKnownFileType = text.plist.xml; path = Info.plist; sourceTree = "<group>"; };
		D803FF401E4DD72300EFBB51 /* OCDemoTests.xctest */ = {isa = PBXFileReference; explicitFileType = wrapper.cfbundle; includeInIndex = 0; path = OCDemoTests.xctest; sourceTree = BUILT_PRODUCTS_DIR; };
		D803FF441E4DD72300EFBB51 /* OCDemoTests.m */ = {isa = PBXFileReference; lastKnownFileType = sourcecode.c.objc; path = OCDemoTests.m; sourceTree = "<group>"; };
		D803FF461E4DD72300EFBB51 /* Info.plist */ = {isa = PBXFileReference; lastKnownFileType = text.plist.xml; path = Info.plist; sourceTree = "<group>"; };
		D803FF4B1E4DD72300EFBB51 /* OCDemoUITests.xctest */ = {isa = PBXFileReference; explicitFileType = wrapper.cfbundle; includeInIndex = 0; path = OCDemoUITests.xctest; sourceTree = BUILT_PRODUCTS_DIR; };
		D803FF4F1E4DD72300EFBB51 /* OCDemoUITests.m */ = {isa = PBXFileReference; lastKnownFileType = sourcecode.c.objc; path = OCDemoUITests.m; sourceTree = "<group>"; };
		D803FF511E4DD72300EFBB51 /* Info.plist */ = {isa = PBXFileReference; lastKnownFileType = text.plist.xml; path = Info.plist; sourceTree = "<group>"; };
		D803FF5D1E4DDCA600EFBB51 /* Example2ViewController.h */ = {isa = PBXFileReference; fileEncoding = 4; lastKnownFileType = sourcecode.c.h; path = Example2ViewController.h; sourceTree = "<group>"; };
		D803FF5E1E4DDCA600EFBB51 /* Example2ViewController.m */ = {isa = PBXFileReference; fileEncoding = 4; lastKnownFileType = sourcecode.c.objc; path = Example2ViewController.m; sourceTree = "<group>"; };
		D803FF601E4DDF0100EFBB51 /* BaseViewController.h */ = {isa = PBXFileReference; fileEncoding = 4; lastKnownFileType = sourcecode.c.h; path = BaseViewController.h; sourceTree = "<group>"; };
		D803FF611E4DDF0100EFBB51 /* BaseViewController.m */ = {isa = PBXFileReference; fileEncoding = 4; lastKnownFileType = sourcecode.c.objc; path = BaseViewController.m; sourceTree = "<group>"; };
		E38A138ECD1330040133395A /* Pods_OCDemoTests.framework */ = {isa = PBXFileReference; explicitFileType = wrapper.framework; includeInIndex = 0; path = Pods_OCDemoTests.framework; sourceTree = BUILT_PRODUCTS_DIR; };
/* End PBXFileReference section */

/* Begin PBXFrameworksBuildPhase section */
		D803FF241E4DD72300EFBB51 /* Frameworks */ = {
			isa = PBXFrameworksBuildPhase;
			buildActionMask = 2147483647;
			files = (
				7AB3B37179B2A1605EF4DEFA /* Pods_OCDemo.framework in Frameworks */,
			);
			runOnlyForDeploymentPostprocessing = 0;
		};
		D803FF3D1E4DD72300EFBB51 /* Frameworks */ = {
			isa = PBXFrameworksBuildPhase;
			buildActionMask = 2147483647;
			files = (
				82E7C10266C07B07BE1F8183 /* Pods_OCDemoTests.framework in Frameworks */,
			);
			runOnlyForDeploymentPostprocessing = 0;
		};
		D803FF481E4DD72300EFBB51 /* Frameworks */ = {
			isa = PBXFrameworksBuildPhase;
			buildActionMask = 2147483647;
			files = (
				9B1997AE8FF25F7297A48D80 /* Pods_OCDemoUITests.framework in Frameworks */,
			);
			runOnlyForDeploymentPostprocessing = 0;
		};
/* End PBXFrameworksBuildPhase section */

/* Begin PBXGroup section */
		3E31B5DFA66D077B0AD2B4BB /* Pods */ = {
			isa = PBXGroup;
			children = (
				A364BD816D34968EDDD1430E /* Pods-OCDemo.debug.xcconfig */,
				3669335AFAC29DD694BC59D3 /* Pods-OCDemo.release.xcconfig */,
				7F4CBD864B2FDEAF164DDF2E /* Pods-OCDemoTests.debug.xcconfig */,
				5D53AA1E4461E29E5B2B9834 /* Pods-OCDemoTests.release.xcconfig */,
				66CE8606374D5FA33CFE5BA6 /* Pods-OCDemoUITests.debug.xcconfig */,
				23B86276F143E8CB5EAEADD2 /* Pods-OCDemoUITests.release.xcconfig */,
			);
			name = Pods;
			sourceTree = "<group>";
		};
		D803FF1E1E4DD72200EFBB51 = {
			isa = PBXGroup;
			children = (
				D803FF291E4DD72300EFBB51 /* OCDemo */,
				D803FF431E4DD72300EFBB51 /* OCDemoTests */,
				D803FF4E1E4DD72300EFBB51 /* OCDemoUITests */,
				D803FF281E4DD72300EFBB51 /* Products */,
				3E31B5DFA66D077B0AD2B4BB /* Pods */,
				EB2DDFF8BD5CB3360FD79382 /* Frameworks */,
			);
			sourceTree = "<group>";
		};
		D803FF281E4DD72300EFBB51 /* Products */ = {
			isa = PBXGroup;
			children = (
				D803FF271E4DD72300EFBB51 /* OCDemo.app */,
				D803FF401E4DD72300EFBB51 /* OCDemoTests.xctest */,
				D803FF4B1E4DD72300EFBB51 /* OCDemoUITests.xctest */,
			);
			name = Products;
			sourceTree = "<group>";
		};
		D803FF291E4DD72300EFBB51 /* OCDemo */ = {
			isa = PBXGroup;
			children = (
				D803FF601E4DDF0100EFBB51 /* BaseViewController.h */,
				D803FF611E4DDF0100EFBB51 /* BaseViewController.m */,
				D803FF5D1E4DDCA600EFBB51 /* Example2ViewController.h */,
				D803FF5E1E4DDCA600EFBB51 /* Example2ViewController.m */,
				D803FF2D1E4DD72300EFBB51 /* AppDelegate.h */,
				D803FF2E1E4DD72300EFBB51 /* AppDelegate.m */,
				D803FF301E4DD72300EFBB51 /* ViewController.h */,
				D803FF311E4DD72300EFBB51 /* ViewController.m */,
				D803FF331E4DD72300EFBB51 /* Main.storyboard */,
				D803FF361E4DD72300EFBB51 /* Assets.xcassets */,
				D803FF381E4DD72300EFBB51 /* LaunchScreen.storyboard */,
				D803FF3B1E4DD72300EFBB51 /* Info.plist */,
				D803FF2A1E4DD72300EFBB51 /* Supporting Files */,
			);
			path = OCDemo;
			sourceTree = "<group>";
		};
		D803FF2A1E4DD72300EFBB51 /* Supporting Files */ = {
			isa = PBXGroup;
			children = (
				D803FF2B1E4DD72300EFBB51 /* main.m */,
			);
			name = "Supporting Files";
			sourceTree = "<group>";
		};
		D803FF431E4DD72300EFBB51 /* OCDemoTests */ = {
			isa = PBXGroup;
			children = (
				D803FF441E4DD72300EFBB51 /* OCDemoTests.m */,
				D803FF461E4DD72300EFBB51 /* Info.plist */,
			);
			path = OCDemoTests;
			sourceTree = "<group>";
		};
		D803FF4E1E4DD72300EFBB51 /* OCDemoUITests */ = {
			isa = PBXGroup;
			children = (
				D803FF4F1E4DD72300EFBB51 /* OCDemoUITests.m */,
				D803FF511E4DD72300EFBB51 /* Info.plist */,
			);
			path = OCDemoUITests;
			sourceTree = "<group>";
		};
		EB2DDFF8BD5CB3360FD79382 /* Frameworks */ = {
			isa = PBXGroup;
			children = (
				88B9D6AED32007F7D091DC5A /* Pods_OCDemo.framework */,
				E38A138ECD1330040133395A /* Pods_OCDemoTests.framework */,
				0D9FDC7DC2AC7186F5640D67 /* Pods_OCDemoUITests.framework */,
			);
			name = Frameworks;
			sourceTree = "<group>";
		};
/* End PBXGroup section */

/* Begin PBXNativeTarget section */
		D803FF261E4DD72300EFBB51 /* OCDemo */ = {
			isa = PBXNativeTarget;
			buildConfigurationList = D803FF541E4DD72300EFBB51 /* Build configuration list for PBXNativeTarget "OCDemo" */;
			buildPhases = (
				0EF08DB91602A69F620BC602 /* [CP] Check Pods Manifest.lock */,
				D803FF231E4DD72300EFBB51 /* Sources */,
				D803FF241E4DD72300EFBB51 /* Frameworks */,
				D803FF251E4DD72300EFBB51 /* Resources */,
				4900DDDA2F115AF245264000 /* [CP] Embed Pods Frameworks */,
				ED5FAEA8D43F160D7A82490F /* [CP] Copy Pods Resources */,
			);
			buildRules = (
			);
			dependencies = (
			);
			name = OCDemo;
			productName = OCDemo;
			productReference = D803FF271E4DD72300EFBB51 /* OCDemo.app */;
			productType = "com.apple.product-type.application";
		};
		D803FF3F1E4DD72300EFBB51 /* OCDemoTests */ = {
			isa = PBXNativeTarget;
			buildConfigurationList = D803FF571E4DD72300EFBB51 /* Build configuration list for PBXNativeTarget "OCDemoTests" */;
			buildPhases = (
				22A7DB59F1E034B18AB2C402 /* [CP] Check Pods Manifest.lock */,
				D803FF3C1E4DD72300EFBB51 /* Sources */,
				D803FF3D1E4DD72300EFBB51 /* Frameworks */,
				D803FF3E1E4DD72300EFBB51 /* Resources */,
				CFC19D5462695868E56BCF52 /* [CP] Embed Pods Frameworks */,
				A8DB5DD19049D86482DE7F47 /* [CP] Copy Pods Resources */,
			);
			buildRules = (
			);
			dependencies = (
				D803FF421E4DD72300EFBB51 /* PBXTargetDependency */,
			);
			name = OCDemoTests;
			productName = OCDemoTests;
			productReference = D803FF401E4DD72300EFBB51 /* OCDemoTests.xctest */;
			productType = "com.apple.product-type.bundle.unit-test";
		};
		D803FF4A1E4DD72300EFBB51 /* OCDemoUITests */ = {
			isa = PBXNativeTarget;
			buildConfigurationList = D803FF5A1E4DD72300EFBB51 /* Build configuration list for PBXNativeTarget "OCDemoUITests" */;
			buildPhases = (
				753487E6F67375151374CF3C /* [CP] Check Pods Manifest.lock */,
				D803FF471E4DD72300EFBB51 /* Sources */,
				D803FF481E4DD72300EFBB51 /* Frameworks */,
				D803FF491E4DD72300EFBB51 /* Resources */,
				C6F2F84EFC4AE6534DD57448 /* [CP] Embed Pods Frameworks */,
				C004ED467178D9D1A1AFDA21 /* [CP] Copy Pods Resources */,
			);
			buildRules = (
			);
			dependencies = (
				D803FF4D1E4DD72300EFBB51 /* PBXTargetDependency */,
			);
			name = OCDemoUITests;
			productName = OCDemoUITests;
			productReference = D803FF4B1E4DD72300EFBB51 /* OCDemoUITests.xctest */;
			productType = "com.apple.product-type.bundle.ui-testing";
		};
/* End PBXNativeTarget section */

/* Begin PBXProject section */
		D803FF1F1E4DD72200EFBB51 /* Project object */ = {
			isa = PBXProject;
			attributes = {
				LastUpgradeCheck = 0810;
				ORGANIZATIONNAME = Han;
				TargetAttributes = {
					D803FF261E4DD72300EFBB51 = {
						CreatedOnToolsVersion = 8.1;
						ProvisioningStyle = Automatic;
					};
					D803FF3F1E4DD72300EFBB51 = {
						CreatedOnToolsVersion = 8.1;
						ProvisioningStyle = Automatic;
						TestTargetID = D803FF261E4DD72300EFBB51;
					};
					D803FF4A1E4DD72300EFBB51 = {
						CreatedOnToolsVersion = 8.1;
						ProvisioningStyle = Automatic;
						TestTargetID = D803FF261E4DD72300EFBB51;
					};
				};
			};
			buildConfigurationList = D803FF221E4DD72200EFBB51 /* Build configuration list for PBXProject "OCDemo" */;
			compatibilityVersion = "Xcode 3.2";
			developmentRegion = English;
			hasScannedForEncodings = 0;
			knownRegions = (
				en,
				Base,
			);
			mainGroup = D803FF1E1E4DD72200EFBB51;
			productRefGroup = D803FF281E4DD72300EFBB51 /* Products */;
			projectDirPath = "";
			projectRoot = "";
			targets = (
				D803FF261E4DD72300EFBB51 /* OCDemo */,
				D803FF3F1E4DD72300EFBB51 /* OCDemoTests */,
				D803FF4A1E4DD72300EFBB51 /* OCDemoUITests */,
			);
		};
/* End PBXProject section */

/* Begin PBXResourcesBuildPhase section */
		D803FF251E4DD72300EFBB51 /* Resources */ = {
			isa = PBXResourcesBuildPhase;
			buildActionMask = 2147483647;
			files = (
				D803FF3A1E4DD72300EFBB51 /* LaunchScreen.storyboard in Resources */,
				D803FF371E4DD72300EFBB51 /* Assets.xcassets in Resources */,
				D803FF351E4DD72300EFBB51 /* Main.storyboard in Resources */,
			);
			runOnlyForDeploymentPostprocessing = 0;
		};
		D803FF3E1E4DD72300EFBB51 /* Resources */ = {
			isa = PBXResourcesBuildPhase;
			buildActionMask = 2147483647;
			files = (
			);
			runOnlyForDeploymentPostprocessing = 0;
		};
		D803FF491E4DD72300EFBB51 /* Resources */ = {
			isa = PBXResourcesBuildPhase;
			buildActionMask = 2147483647;
			files = (
			);
			runOnlyForDeploymentPostprocessing = 0;
		};
/* End PBXResourcesBuildPhase section */

/* Begin PBXShellScriptBuildPhase section */
		0EF08DB91602A69F620BC602 /* [CP] Check Pods Manifest.lock */ = {
			isa = PBXShellScriptBuildPhase;
			buildActionMask = 2147483647;
			files = (
			);
			inputPaths = (
			);
			name = "[CP] Check Pods Manifest.lock";
			outputPaths = (
			);
			runOnlyForDeploymentPostprocessing = 0;
			shellPath = /bin/sh;
			shellScript = "diff \"${PODS_ROOT}/../Podfile.lock\" \"${PODS_ROOT}/Manifest.lock\" > /dev/null\nif [ $? != 0 ] ; then\n    # print error to STDERR\n    echo \"error: The sandbox is not in sync with the Podfile.lock. Run 'pod install' or update your CocoaPods installation.\" >&2\n    exit 1\nfi\n";
			showEnvVarsInLog = 0;
		};
		22A7DB59F1E034B18AB2C402 /* [CP] Check Pods Manifest.lock */ = {
			isa = PBXShellScriptBuildPhase;
			buildActionMask = 2147483647;
			files = (
			);
			inputPaths = (
			);
			name = "[CP] Check Pods Manifest.lock";
			outputPaths = (
			);
			runOnlyForDeploymentPostprocessing = 0;
			shellPath = /bin/sh;
			shellScript = "diff \"${PODS_ROOT}/../Podfile.lock\" \"${PODS_ROOT}/Manifest.lock\" > /dev/null\nif [ $? != 0 ] ; then\n    # print error to STDERR\n    echo \"error: The sandbox is not in sync with the Podfile.lock. Run 'pod install' or update your CocoaPods installation.\" >&2\n    exit 1\nfi\n";
			showEnvVarsInLog = 0;
		};
		4900DDDA2F115AF245264000 /* [CP] Embed Pods Frameworks */ = {
			isa = PBXShellScriptBuildPhase;
			buildActionMask = 2147483647;
			files = (
			);
			inputPaths = (
			);
			name = "[CP] Embed Pods Frameworks";
			outputPaths = (
			);
			runOnlyForDeploymentPostprocessing = 0;
			shellPath = /bin/sh;
			shellScript = "\"${SRCROOT}/Pods/Target Support Files/Pods-OCDemo/Pods-OCDemo-frameworks.sh\"\n";
			showEnvVarsInLog = 0;
		};
		753487E6F67375151374CF3C /* [CP] Check Pods Manifest.lock */ = {
			isa = PBXShellScriptBuildPhase;
			buildActionMask = 2147483647;
			files = (
			);
			inputPaths = (
			);
			name = "[CP] Check Pods Manifest.lock";
			outputPaths = (
			);
			runOnlyForDeploymentPostprocessing = 0;
			shellPath = /bin/sh;
			shellScript = "diff \"${PODS_ROOT}/../Podfile.lock\" \"${PODS_ROOT}/Manifest.lock\" > /dev/null\nif [ $? != 0 ] ; then\n    # print error to STDERR\n    echo \"error: The sandbox is not in sync with the Podfile.lock. Run 'pod install' or update your CocoaPods installation.\" >&2\n    exit 1\nfi\n";
			showEnvVarsInLog = 0;
		};
		A8DB5DD19049D86482DE7F47 /* [CP] Copy Pods Resources */ = {
			isa = PBXShellScriptBuildPhase;
			buildActionMask = 2147483647;
			files = (
			);
			inputPaths = (
			);
			name = "[CP] Copy Pods Resources";
			outputPaths = (
			);
			runOnlyForDeploymentPostprocessing = 0;
			shellPath = /bin/sh;
			shellScript = "\"${SRCROOT}/Pods/Target Support Files/Pods-OCDemoTests/Pods-OCDemoTests-resources.sh\"\n";
			showEnvVarsInLog = 0;
		};
		C004ED467178D9D1A1AFDA21 /* [CP] Copy Pods Resources */ = {
			isa = PBXShellScriptBuildPhase;
			buildActionMask = 2147483647;
			files = (
			);
			inputPaths = (
			);
			name = "[CP] Copy Pods Resources";
			outputPaths = (
			);
			runOnlyForDeploymentPostprocessing = 0;
			shellPath = /bin/sh;
			shellScript = "\"${SRCROOT}/Pods/Target Support Files/Pods-OCDemoUITests/Pods-OCDemoUITests-resources.sh\"\n";
			showEnvVarsInLog = 0;
		};
		C6F2F84EFC4AE6534DD57448 /* [CP] Embed Pods Frameworks */ = {
			isa = PBXShellScriptBuildPhase;
			buildActionMask = 2147483647;
			files = (
			);
			inputPaths = (
			);
			name = "[CP] Embed Pods Frameworks";
			outputPaths = (
			);
			runOnlyForDeploymentPostprocessing = 0;
			shellPath = /bin/sh;
			shellScript = "\"${SRCROOT}/Pods/Target Support Files/Pods-OCDemoUITests/Pods-OCDemoUITests-frameworks.sh\"\n";
			showEnvVarsInLog = 0;
		};
		CFC19D5462695868E56BCF52 /* [CP] Embed Pods Frameworks */ = {
			isa = PBXShellScriptBuildPhase;
			buildActionMask = 2147483647;
			files = (
			);
			inputPaths = (
			);
			name = "[CP] Embed Pods Frameworks";
			outputPaths = (
			);
			runOnlyForDeploymentPostprocessing = 0;
			shellPath = /bin/sh;
			shellScript = "\"${SRCROOT}/Pods/Target Support Files/Pods-OCDemoTests/Pods-OCDemoTests-frameworks.sh\"\n";
			showEnvVarsInLog = 0;
		};
		ED5FAEA8D43F160D7A82490F /* [CP] Copy Pods Resources */ = {
			isa = PBXShellScriptBuildPhase;
			buildActionMask = 2147483647;
			files = (
			);
			inputPaths = (
			);
			name = "[CP] Copy Pods Resources";
			outputPaths = (
			);
			runOnlyForDeploymentPostprocessing = 0;
			shellPath = /bin/sh;
			shellScript = "\"${SRCROOT}/Pods/Target Support Files/Pods-OCDemo/Pods-OCDemo-resources.sh\"\n";
			showEnvVarsInLog = 0;
		};
/* End PBXShellScriptBuildPhase section */

/* Begin PBXSourcesBuildPhase section */
		D803FF231E4DD72300EFBB51 /* Sources */ = {
			isa = PBXSourcesBuildPhase;
			buildActionMask = 2147483647;
			files = (
				D803FF5F1E4DDCA600EFBB51 /* Example2ViewController.m in Sources */,
				D803FF621E4DDF0100EFBB51 /* BaseViewController.m in Sources */,
				D803FF321E4DD72300EFBB51 /* ViewController.m in Sources */,
				D803FF2F1E4DD72300EFBB51 /* AppDelegate.m in Sources */,
				D803FF2C1E4DD72300EFBB51 /* main.m in Sources */,
			);
			runOnlyForDeploymentPostprocessing = 0;
		};
		D803FF3C1E4DD72300EFBB51 /* Sources */ = {
			isa = PBXSourcesBuildPhase;
			buildActionMask = 2147483647;
			files = (
				D803FF451E4DD72300EFBB51 /* OCDemoTests.m in Sources */,
			);
			runOnlyForDeploymentPostprocessing = 0;
		};
		D803FF471E4DD72300EFBB51 /* Sources */ = {
			isa = PBXSourcesBuildPhase;
			buildActionMask = 2147483647;
			files = (
				D803FF501E4DD72300EFBB51 /* OCDemoUITests.m in Sources */,
			);
			runOnlyForDeploymentPostprocessing = 0;
		};
/* End PBXSourcesBuildPhase section */

/* Begin PBXTargetDependency section */
		D803FF421E4DD72300EFBB51 /* PBXTargetDependency */ = {
			isa = PBXTargetDependency;
			target = D803FF261E4DD72300EFBB51 /* OCDemo */;
			targetProxy = D803FF411E4DD72300EFBB51 /* PBXContainerItemProxy */;
		};
		D803FF4D1E4DD72300EFBB51 /* PBXTargetDependency */ = {
			isa = PBXTargetDependency;
			target = D803FF261E4DD72300EFBB51 /* OCDemo */;
			targetProxy = D803FF4C1E4DD72300EFBB51 /* PBXContainerItemProxy */;
		};
/* End PBXTargetDependency section */

/* Begin PBXVariantGroup section */
		D803FF331E4DD72300EFBB51 /* Main.storyboard */ = {
			isa = PBXVariantGroup;
			children = (
				D803FF341E4DD72300EFBB51 /* Base */,
			);
			name = Main.storyboard;
			sourceTree = "<group>";
		};
		D803FF381E4DD72300EFBB51 /* LaunchScreen.storyboard */ = {
			isa = PBXVariantGroup;
			children = (
				D803FF391E4DD72300EFBB51 /* Base */,
			);
			name = LaunchScreen.storyboard;
			sourceTree = "<group>";
		};
/* End PBXVariantGroup section */

/* Begin XCBuildConfiguration section */
		D803FF521E4DD72300EFBB51 /* Debug */ = {
			isa = XCBuildConfiguration;
			buildSettings = {
				ALWAYS_SEARCH_USER_PATHS = NO;
				CLANG_ANALYZER_NONNULL = YES;
				CLANG_CXX_LANGUAGE_STANDARD = "gnu++0x";
				CLANG_CXX_LIBRARY = "libc++";
				CLANG_ENABLE_MODULES = YES;
				CLANG_ENABLE_OBJC_ARC = YES;
				CLANG_WARN_BOOL_CONVERSION = YES;
				CLANG_WARN_CONSTANT_CONVERSION = YES;
				CLANG_WARN_DIRECT_OBJC_ISA_USAGE = YES_ERROR;
				CLANG_WARN_DOCUMENTATION_COMMENTS = YES;
				CLANG_WARN_EMPTY_BODY = YES;
				CLANG_WARN_ENUM_CONVERSION = YES;
				CLANG_WARN_INFINITE_RECURSION = YES;
				CLANG_WARN_INT_CONVERSION = YES;
				CLANG_WARN_OBJC_ROOT_CLASS = YES_ERROR;
				CLANG_WARN_SUSPICIOUS_MOVES = YES;
				CLANG_WARN_UNREACHABLE_CODE = YES;
				CLANG_WARN__DUPLICATE_METHOD_MATCH = YES;
				"CODE_SIGN_IDENTITY[sdk=iphoneos*]" = "iPhone Developer";
				COPY_PHASE_STRIP = NO;
				DEBUG_INFORMATION_FORMAT = dwarf;
				ENABLE_STRICT_OBJC_MSGSEND = YES;
				ENABLE_TESTABILITY = YES;
				GCC_C_LANGUAGE_STANDARD = gnu99;
				GCC_DYNAMIC_NO_PIC = NO;
				GCC_NO_COMMON_BLOCKS = YES;
				GCC_OPTIMIZATION_LEVEL = 0;
				GCC_PREPROCESSOR_DEFINITIONS = (
					"DEBUG=1",
					"$(inherited)",
				);
				GCC_WARN_64_TO_32_BIT_CONVERSION = YES;
				GCC_WARN_ABOUT_RETURN_TYPE = YES_ERROR;
				GCC_WARN_UNDECLARED_SELECTOR = YES;
				GCC_WARN_UNINITIALIZED_AUTOS = YES_AGGRESSIVE;
				GCC_WARN_UNUSED_FUNCTION = YES;
				GCC_WARN_UNUSED_VARIABLE = YES;
				IPHONEOS_DEPLOYMENT_TARGET = 10.1;
				MTL_ENABLE_DEBUG_INFO = YES;
				ONLY_ACTIVE_ARCH = YES;
				SDKROOT = iphoneos;
				TARGETED_DEVICE_FAMILY = "1,2";
			};
			name = Debug;
		};
		D803FF531E4DD72300EFBB51 /* Release */ = {
			isa = XCBuildConfiguration;
			buildSettings = {
				ALWAYS_SEARCH_USER_PATHS = NO;
				CLANG_ANALYZER_NONNULL = YES;
				CLANG_CXX_LANGUAGE_STANDARD = "gnu++0x";
				CLANG_CXX_LIBRARY = "libc++";
				CLANG_ENABLE_MODULES = YES;
				CLANG_ENABLE_OBJC_ARC = YES;
				CLANG_WARN_BOOL_CONVERSION = YES;
				CLANG_WARN_CONSTANT_CONVERSION = YES;
				CLANG_WARN_DIRECT_OBJC_ISA_USAGE = YES_ERROR;
				CLANG_WARN_DOCUMENTATION_COMMENTS = YES;
				CLANG_WARN_EMPTY_BODY = YES;
				CLANG_WARN_ENUM_CONVERSION = YES;
				CLANG_WARN_INFINITE_RECURSION = YES;
				CLANG_WARN_INT_CONVERSION = YES;
				CLANG_WARN_OBJC_ROOT_CLASS = YES_ERROR;
				CLANG_WARN_SUSPICIOUS_MOVES = YES;
				CLANG_WARN_UNREACHABLE_CODE = YES;
				CLANG_WARN__DUPLICATE_METHOD_MATCH = YES;
				"CODE_SIGN_IDENTITY[sdk=iphoneos*]" = "iPhone Developer";
				COPY_PHASE_STRIP = NO;
				DEBUG_INFORMATION_FORMAT = "dwarf-with-dsym";
				ENABLE_NS_ASSERTIONS = NO;
				ENABLE_STRICT_OBJC_MSGSEND = YES;
				GCC_C_LANGUAGE_STANDARD = gnu99;
				GCC_NO_COMMON_BLOCKS = YES;
				GCC_WARN_64_TO_32_BIT_CONVERSION = YES;
				GCC_WARN_ABOUT_RETURN_TYPE = YES_ERROR;
				GCC_WARN_UNDECLARED_SELECTOR = YES;
				GCC_WARN_UNINITIALIZED_AUTOS = YES_AGGRESSIVE;
				GCC_WARN_UNUSED_FUNCTION = YES;
				GCC_WARN_UNUSED_VARIABLE = YES;
				IPHONEOS_DEPLOYMENT_TARGET = 10.1;
				MTL_ENABLE_DEBUG_INFO = NO;
				SDKROOT = iphoneos;
				TARGETED_DEVICE_FAMILY = "1,2";
				VALIDATE_PRODUCT = YES;
			};
			name = Release;
		};
		D803FF551E4DD72300EFBB51 /* Debug */ = {
			isa = XCBuildConfiguration;
			baseConfigurationReference = A364BD816D34968EDDD1430E /* Pods-OCDemo.debug.xcconfig */;
			buildSettings = {
				ASSETCATALOG_COMPILER_APPICON_NAME = AppIcon;
				INFOPLIST_FILE = OCDemo/Info.plist;
				LD_RUNPATH_SEARCH_PATHS = "$(inherited) @executable_path/Frameworks";
				PRODUCT_BUNDLE_IDENTIFIER = com.by.OCDemo;
				PRODUCT_NAME = "$(TARGET_NAME)";
			};
			name = Debug;
		};
		D803FF561E4DD72300EFBB51 /* Release */ = {
			isa = XCBuildConfiguration;
			baseConfigurationReference = 3669335AFAC29DD694BC59D3 /* Pods-OCDemo.release.xcconfig */;
			buildSettings = {
				ASSETCATALOG_COMPILER_APPICON_NAME = AppIcon;
				INFOPLIST_FILE = OCDemo/Info.plist;
				LD_RUNPATH_SEARCH_PATHS = "$(inherited) @executable_path/Frameworks";
				PRODUCT_BUNDLE_IDENTIFIER = com.by.OCDemo;
				PRODUCT_NAME = "$(TARGET_NAME)";
			};
			name = Release;
		};
		D803FF581E4DD72300EFBB51 /* Debug */ = {
			isa = XCBuildConfiguration;
			baseConfigurationReference = 7F4CBD864B2FDEAF164DDF2E /* Pods-OCDemoTests.debug.xcconfig */;
			buildSettings = {
				BUNDLE_LOADER = "$(TEST_HOST)";
				INFOPLIST_FILE = OCDemoTests/Info.plist;
				LD_RUNPATH_SEARCH_PATHS = "$(inherited) @executable_path/Frameworks @loader_path/Frameworks";
				PRODUCT_BUNDLE_IDENTIFIER = com.by.OCDemoTests;
				PRODUCT_NAME = "$(TARGET_NAME)";
				TEST_HOST = "$(BUILT_PRODUCTS_DIR)/OCDemo.app/OCDemo";
			};
			name = Debug;
		};
		D803FF591E4DD72300EFBB51 /* Release */ = {
			isa = XCBuildConfiguration;
			baseConfigurationReference = 5D53AA1E4461E29E5B2B9834 /* Pods-OCDemoTests.release.xcconfig */;
			buildSettings = {
				BUNDLE_LOADER = "$(TEST_HOST)";
				INFOPLIST_FILE = OCDemoTests/Info.plist;
				LD_RUNPATH_SEARCH_PATHS = "$(inherited) @executable_path/Frameworks @loader_path/Frameworks";
				PRODUCT_BUNDLE_IDENTIFIER = com.by.OCDemoTests;
				PRODUCT_NAME = "$(TARGET_NAME)";
				TEST_HOST = "$(BUILT_PRODUCTS_DIR)/OCDemo.app/OCDemo";
			};
			name = Release;
		};
		D803FF5B1E4DD72300EFBB51 /* Debug */ = {
			isa = XCBuildConfiguration;
			baseConfigurationReference = 66CE8606374D5FA33CFE5BA6 /* Pods-OCDemoUITests.debug.xcconfig */;
			buildSettings = {
				INFOPLIST_FILE = OCDemoUITests/Info.plist;
				LD_RUNPATH_SEARCH_PATHS = "$(inherited) @executable_path/Frameworks @loader_path/Frameworks";
				PRODUCT_BUNDLE_IDENTIFIER = com.by.OCDemoUITests;
				PRODUCT_NAME = "$(TARGET_NAME)";
				TEST_TARGET_NAME = OCDemo;
			};
			name = Debug;
		};
		D803FF5C1E4DD72300EFBB51 /* Release */ = {
			isa = XCBuildConfiguration;
			baseConfigurationReference = 23B86276F143E8CB5EAEADD2 /* Pods-OCDemoUITests.release.xcconfig */;
			buildSettings = {
				INFOPLIST_FILE = OCDemoUITests/Info.plist;
				LD_RUNPATH_SEARCH_PATHS = "$(inherited) @executable_path/Frameworks @loader_path/Frameworks";
				PRODUCT_BUNDLE_IDENTIFIER = com.by.OCDemoUITests;
				PRODUCT_NAME = "$(TARGET_NAME)";
				TEST_TARGET_NAME = OCDemo;
			};
			name = Release;
		};
/* End XCBuildConfiguration section */

/* Begin XCConfigurationList section */
		D803FF221E4DD72200EFBB51 /* Build configuration list for PBXProject "OCDemo" */ = {
			isa = XCConfigurationList;
			buildConfigurations = (
				D803FF521E4DD72300EFBB51 /* Debug */,
				D803FF531E4DD72300EFBB51 /* Release */,
			);
			defaultConfigurationIsVisible = 0;
			defaultConfigurationName = Release;
		};
		D803FF541E4DD72300EFBB51 /* Build configuration list for PBXNativeTarget "OCDemo" */ = {
			isa = XCConfigurationList;
			buildConfigurations = (
				D803FF551E4DD72300EFBB51 /* Debug */,
				D803FF561E4DD72300EFBB51 /* Release */,
			);
			defaultConfigurationIsVisible = 0;
			defaultConfigurationName = Release;
		};
		D803FF571E4DD72300EFBB51 /* Build configuration list for PBXNativeTarget "OCDemoTests" */ = {
			isa = XCConfigurationList;
			buildConfigurations = (
				D803FF581E4DD72300EFBB51 /* Debug */,
				D803FF591E4DD72300EFBB51 /* Release */,
			);
			defaultConfigurationIsVisible = 0;
			defaultConfigurationName = Release;
		};
		D803FF5A1E4DD72300EFBB51 /* Build configuration list for PBXNativeTarget "OCDemoUITests" */ = {
			isa = XCConfigurationList;
			buildConfigurations = (
				D803FF5B1E4DD72300EFBB51 /* Debug */,
				D803FF5C1E4DD72300EFBB51 /* Release */,
			);
			defaultConfigurationIsVisible = 0;
			defaultConfigurationName = Release;
		};
/* End XCConfigurationList section */
	};
	rootObject = D803FF1F1E4DD72200EFBB51 /* Project object */;
}
